# This file is automatically @generated by Cargo.
# It is not intended for manual editing.
version = 4

[[package]]
name = "calc"
version = "0.1.0"
dependencies = [
 "pin-project-lite",
]

[[package]]
name = "pin-project-lite"
version = "0.2.17"
source = "registry+https://github.com/rust-lang/crates.io-index"
checksum = "a89322df9ebe1c1578d689c92318e070967d1042b512afbe49518723f4e6d5cd"

[[package]]
name = "text"
version = "0.1.0"
dependencies = [
 "utf8-width",
]

[[package]]
name = "utf8-width"
version = "0.1.8"
source = "registry+https://github.com/rust-lang/crates.io-index"
checksum = "1292c0d970b54115d14f2492fe0170adf21d68a1de108eebc51c1df4f346a091"
